// !$*UTF8*$!
{
	archiveVersion = 1;
	classes = {
	};
	objectVersion = 50;
	objects = {

/* Begin PBXBuildFile section */
		97118A3A265E68C600B776C6 /* EmptyListView.swift in Sources */ = {isa = PBXBuildFile; fileRef = 97118A39265E68C600B776C6 /* EmptyListView.swift */; };
		97493F22265A988E00FA924F /* AppDelegate.swift in Sources */ = {isa = PBXBuildFile; fileRef = 97493F21265A988E00FA924F /* AppDelegate.swift */; };
		97493F24265A988E00FA924F /* SceneDelegate.swift in Sources */ = {isa = PBXBuildFile; fileRef = 97493F23265A988E00FA924F /* SceneDelegate.swift */; };
		97493F26265A988E00FA924F /* ContentView.swift in Sources */ = {isa = PBXBuildFile; fileRef = 97493F25265A988E00FA924F /* ContentView.swift */; };
		97493F29265A988E00FA924F /* _Do.xcdatamodeld in Sources */ = {isa = PBXBuildFile; fileRef = 97493F27265A988E00FA924F /* _Do.xcdatamodeld */; };
		97493F2B265A988F00FA924F /* Assets.xcassets in Resources */ = {isa = PBXBuildFile; fileRef = 97493F2A265A988F00FA924F /* Assets.xcassets */; };
		97493F2E265A988F00FA924F /* Preview Assets.xcassets in Resources */ = {isa = PBXBuildFile; fileRef = 97493F2D265A988F00FA924F /* Preview Assets.xcassets */; };
		97493F31265A988F00FA924F /* LaunchScreen.storyboard in Resources */ = {isa = PBXBuildFile; fileRef = 97493F2F265A988F00FA924F /* LaunchScreen.storyboard */; };
		97493F3A265A98D800FA924F /* AddToDoView.swift in Sources */ = {isa = PBXBuildFile; fileRef = 97493F39265A98D800FA924F /* AddToDoView.swift */; };
		97B53BA026601050004FA391 /* FormRowLinkView.swift in Sources */ = {isa = PBXBuildFile; fileRef = 97B53B9F26601050004FA391 /* FormRowLinkView.swift */; };
		97B53BA226601072004FA391 /* FormRowStaticView.swift in Sources */ = {isa = PBXBuildFile; fileRef = 97B53BA126601072004FA391 /* FormRowStaticView.swift */; };
		97B53BA426601082004FA391 /* SettingsView.swift in Sources */ = {isa = PBXBuildFile; fileRef = 97B53BA326601082004FA391 /* SettingsView.swift */; };
		97B53BBA266017C4004FA391 /* ThemeModel.swift in Sources */ = {isa = PBXBuildFile; fileRef = 97B53BB9266017C4004FA391 /* ThemeModel.swift */; };
		97B53BBC26601812004FA391 /* ThemeData.swift in Sources */ = {isa = PBXBuildFile; fileRef = 97B53BBB26601812004FA391 /* ThemeData.swift */; };
		97B53BBE26601881004FA391 /* ThemeSettings.swift in Sources */ = {isa = PBXBuildFile; fileRef = 97B53BBD26601881004FA391 /* ThemeSettings.swift */; };
/* End PBXBuildFile section */

/* Begin PBXFileReference section */
		97118A39265E68C600B776C6 /* EmptyListView.swift */ = {isa = PBXFileReference; lastKnownFileType = sourcecode.swift; path = EmptyListView.swift; sourceTree = "<group>"; };
		97493F1E265A988E00FA924F /* 2Do.app */ = {isa = PBXFileReference; explicitFileType = wrapper.application; includeInIndex = 0; path = 2Do.app; sourceTree = BUILT_PRODUCTS_DIR; };
		97493F21265A988E00FA924F /* AppDelegate.swift */ = {isa = PBXFileReference; lastKnownFileType = sourcecode.swift; path = AppDelegate.swift; sourceTree = "<group>"; };
		97493F23265A988E00FA924F /* SceneDelegate.swift */ = {isa = PBXFileReference; lastKnownFileType = sourcecode.swift; path = SceneDelegate.swift; sourceTree = "<group>"; };
		97493F25265A988E00FA924F /* ContentView.swift */ = {isa = PBXFileReference; lastKnownFileType = sourcecode.swift; path = ContentView.swift; sourceTree = "<group>"; };
		97493F28265A988E00FA924F /* _Do.xcdatamodel */ = {isa = PBXFileReference; lastKnownFileType = wrapper.xcdatamodel; path = _Do.xcdatamodel; sourceTree = "<group>"; };
		97493F2A265A988F00FA924F /* Assets.xcassets */ = {isa = PBXFileReference; lastKnownFileType = folder.assetcatalog; path = Assets.xcassets; sourceTree = "<group>"; };
		97493F2D265A988F00FA924F /* Preview Assets.xcassets */ = {isa = PBXFileReference; lastKnownFileType = folder.assetcatalog; path = "Preview Assets.xcassets"; sourceTree = "<group>"; };
		97493F30265A988F00FA924F /* Base */ = {isa = PBXFileReference; lastKnownFileType = file.storyboard; name = Base; path = Base.lproj/LaunchScreen.storyboard; sourceTree = "<group>"; };
		97493F32265A988F00FA924F /* Info.plist */ = {isa = PBXFileReference; lastKnownFileType = text.plist.xml; path = Info.plist; sourceTree = "<group>"; };
		97493F39265A98D800FA924F /* AddToDoView.swift */ = {isa = PBXFileReference; lastKnownFileType = sourcecode.swift; path = AddToDoView.swift; sourceTree = "<group>"; };
		97B53B9F26601050004FA391 /* FormRowLinkView.swift */ = {isa = PBXFileReference; lastKnownFileType = sourcecode.swift; path = FormRowLinkView.swift; sourceTree = "<group>"; };
		97B53BA126601072004FA391 /* FormRowStaticView.swift */ = {isa = PBXFileReference; lastKnownFileType = sourcecode.swift; path = FormRowStaticView.swift; sourceTree = "<group>"; };
		97B53BA326601082004FA391 /* SettingsView.swift */ = {isa = PBXFileReference; lastKnownFileType = sourcecode.swift; path = SettingsView.swift; sourceTree = "<group>"; };
		97B53BB9266017C4004FA391 /* ThemeModel.swift */ = {isa = PBXFileReference; lastKnownFileType = sourcecode.swift; path = ThemeModel.swift; sourceTree = "<group>"; };
		97B53BBB26601812004FA391 /* ThemeData.swift */ = {isa = PBXFileReference; lastKnownFileType = sourcecode.swift; path = ThemeData.swift; sourceTree = "<group>"; };
		97B53BBD26601881004FA391 /* ThemeSettings.swift */ = {isa = PBXFileReference; lastKnownFileType = sourcecode.swift; path = ThemeSettings.swift; sourceTree = "<group>"; };
/* End PBXFileReference section */

/* Begin PBXFrameworksBuildPhase section */
		97493F1B265A988E00FA924F /* Frameworks */ = {
			isa = PBXFrameworksBuildPhase;
			buildActionMask = 2147483647;
			files = (
			);
			runOnlyForDeploymentPostprocessing = 0;
		};
/* End PBXFrameworksBuildPhase section */

/* Begin PBXGroup section */
		97493F15265A988E00FA924F = {
			isa = PBXGroup;
			children = (
				97493F20265A988E00FA924F /* 2Do */,
				97493F1F265A988E00FA924F /* Products */,
			);
			sourceTree = "<group>";
		};
		97493F1F265A988E00FA924F /* Products */ = {
			isa = PBXGroup;
			children = (
				97493F1E265A988E00FA924F /* 2Do.app */,
			);
			name = Products;
			sourceTree = "<group>";
		};
		97493F20265A988E00FA924F /* 2Do */ = {
			isa = PBXGroup;
			children = (
				97B53BB8266017A5004FA391 /* Theme */,
				97493F21265A988E00FA924F /* AppDelegate.swift */,
				97493F23265A988E00FA924F /* SceneDelegate.swift */,
				97493F38265A98B600FA924F /* View */,
				97493F2A265A988F00FA924F /* Assets.xcassets */,
				97493F2F265A988F00FA924F /* LaunchScreen.storyboard */,
				97493F32265A988F00FA924F /* Info.plist */,
				97493F27265A988E00FA924F /* _Do.xcdatamodeld */,
				97493F2C265A988F00FA924F /* Preview Content */,
			);
			path = 2Do;
			sourceTree = "<group>";
		};
		97493F2C265A988F00FA924F /* Preview Content */ = {
			isa = PBXGroup;
			children = (
				97493F2D265A988F00FA924F /* Preview Assets.xcassets */,
			);
			path = "Preview Content";
			sourceTree = "<group>";
		};
		97493F38265A98B600FA924F /* View */ = {
			isa = PBXGroup;
			children = (
				97493F25265A988E00FA924F /* ContentView.swift */,
				97493F39265A98D800FA924F /* AddToDoView.swift */,
				97118A39265E68C600B776C6 /* EmptyListView.swift */,
				97B53B9F26601050004FA391 /* FormRowLinkView.swift */,
				97B53BA126601072004FA391 /* FormRowStaticView.swift */,
				97B53BA326601082004FA391 /* SettingsView.swift */,
			);
			path = View;
			sourceTree = "<group>";
		};
		97B53BB8266017A5004FA391 /* Theme */ = {
			isa = PBXGroup;
			children = (
				97B53BB9266017C4004FA391 /* ThemeModel.swift */,
				97B53BBB26601812004FA391 /* ThemeData.swift */,
				97B53BBD26601881004FA391 /* ThemeSettings.swift */,
			);
			path = Theme;
			sourceTree = "<group>";
		};
/* End PBXGroup section */

/* Begin PBXNativeTarget section */
		97493F1D265A988E00FA924F /* 2Do */ = {
			isa = PBXNativeTarget;
			buildConfigurationList = 97493F35265A988F00FA924F /* Build configuration list for PBXNativeTarget "2Do" */;
			buildPhases = (
				97493F1A265A988E00FA924F /* Sources */,
				97493F1B265A988E00FA924F /* Frameworks */,
				97493F1C265A988E00FA924F /* Resources */,
			);
			buildRules = (
			);
			dependencies = (
			);
			name = 2Do;
			productName = 2Do;
			productReference = 97493F1E265A988E00FA924F /* 2Do.app */;
			productType = "com.apple.product-type.application";
		};
/* End PBXNativeTarget section */

/* Begin PBXProject section */
		97493F16265A988E00FA924F /* Project object */ = {
			isa = PBXProject;
			attributes = {
				LastSwiftUpdateCheck = 1250;
				LastUpgradeCheck = 1250;
				TargetAttributes = {
					97493F1D265A988E00FA924F = {
						CreatedOnToolsVersion = 12.5;
					};
				};
			};
			buildConfigurationList = 97493F19265A988E00FA924F /* Build configuration list for PBXProject "2Do" */;
			compatibilityVersion = "Xcode 9.3";
			developmentRegion = en;
			hasScannedForEncodings = 0;
			knownRegions = (
				en,
				Base,
			);
			mainGroup = 97493F15265A988E00FA924F;
			productRefGroup = 97493F1F265A988E00FA924F /* Products */;
			projectDirPath = "";
			projectRoot = "";
			targets = (
				97493F1D265A988E00FA924F /* 2Do */,
			);
		};
/* End PBXProject section */

/* Begin PBXResourcesBuildPhase section */
		97493F1C265A988E00FA924F /* Resources */ = {
			isa = PBXResourcesBuildPhase;
			buildActionMask = 2147483647;
			files = (
				97493F31265A988F00FA924F /* LaunchScreen.storyboard in Resources */,
				97493F2E265A988F00FA924F /* Preview Assets.xcassets in Resources */,
				97493F2B265A988F00FA924F /* Assets.xcassets in Resources */,
			);
			runOnlyForDeploymentPostprocessing = 0;
		};
/* End PBXResourcesBuildPhase section */

/* Begin PBXSourcesBuildPhase section */
		97493F1A265A988E00FA924F /* Sources */ = {
			isa = PBXSourcesBuildPhase;
			buildActionMask = 2147483647;
			files = (
				97493F22265A988E00FA924F /* AppDelegate.swift in Sources */,
				97B53BA226601072004FA391 /* FormRowStaticView.swift in Sources */,
				97493F3A265A98D800FA924F /* AddToDoView.swift in Sources */,
				97B53BBC26601812004FA391 /* ThemeData.swift in Sources */,
				97B53BA426601082004FA391 /* SettingsView.swift in Sources */,
				97118A3A265E68C600B776C6 /* EmptyListView.swift in Sources */,
				97B53BBE26601881004FA391 /* ThemeSettings.swift in Sources */,
				97493F24265A988E00FA924F /* SceneDelegate.swift in Sources */,
				97493F29265A988E00FA924F /* _Do.xcdatamodeld in Sources */,
				97B53BBA266017C4004FA391 /* ThemeModel.swift in Sources */,
				97493F26265A988E00FA924F /* ContentView.swift in Sources */,
				97B53BA026601050004FA391 /* FormRowLinkView.swift in Sources */,
			);
			runOnlyForDeploymentPostprocessing = 0;
		};
/* End PBXSourcesBuildPhase section */

/* Begin PBXVariantGroup section */
		97493F2F265A988F00FA924F /* LaunchScreen.storyboard */ = {
			isa = PBXVariantGroup;
			children = (
				97493F30265A988F00FA924F /* Base */,
			);
			name = LaunchScreen.storyboard;
			sourceTree = "<group>";
		};
/* End PBXVariantGroup section */

/* Begin XCBuildConfiguration section */
		97493F33265A988F00FA924F /* Debug */ = {
			isa = XCBuildConfiguration;
			buildSettings = {
				ALWAYS_SEARCH_USER_PATHS = NO;
				CLANG_ANALYZER_NONNULL = YES;
				CLANG_ANALYZER_NUMBER_OBJECT_CONVERSION = YES_AGGRESSIVE;
				CLANG_CXX_LANGUAGE_STANDARD = "gnu++14";
				CLANG_CXX_LIBRARY = "libc++";
				CLANG_ENABLE_MODULES = YES;
				CLANG_ENABLE_OBJC_ARC = YES;
				CLANG_ENABLE_OBJC_WEAK = YES;
				CLANG_WARN_BLOCK_CAPTURE_AUTORELEASING = YES;
				CLANG_WARN_BOOL_CONVERSION = YES;
				CLANG_WARN_COMMA = YES;
				CLANG_WARN_CONSTANT_CONVERSION = YES;
				CLANG_WARN_DEPRECATED_OBJC_IMPLEMENTATIONS = YES;
				CLANG_WARN_DIRECT_OBJC_ISA_USAGE = YES_ERROR;
				CLANG_WARN_DOCUMENTATION_COMMENTS = YES;
				CLANG_WARN_EMPTY_BODY = YES;
				CLANG_WARN_ENUM_CONVERSION = YES;
				CLANG_WARN_INFINITE_RECURSION = YES;
				CLANG_WARN_INT_CONVERSION = YES;
				CLANG_WARN_NON_LITERAL_NULL_CONVERSION = YES;
				CLANG_WARN_OBJC_IMPLICIT_RETAIN_SELF = YES;
				CLANG_WARN_OBJC_LITERAL_CONVERSION = YES;
				CLANG_WARN_OBJC_ROOT_CLASS = YES_ERROR;
				CLANG_WARN_QUOTED_INCLUDE_IN_FRAMEWORK_HEADER = YES;
				CLANG_WARN_RANGE_LOOP_ANALYSIS = YES;
				CLANG_WARN_STRICT_PROTOTYPES = YES;
				CLANG_WARN_SUSPICIOUS_MOVE = YES;
				CLANG_WARN_UNGUARDED_AVAILABILITY = YES_AGGRESSIVE;
				CLANG_WARN_UNREACHABLE_CODE = YES;
				CLANG_WARN__DUPLICATE_METHOD_MATCH = YES;
				COPY_PHASE_STRIP = NO;
				DEBUG_INFORMATION_FORMAT = dwarf;
				ENABLE_STRICT_OBJC_MSGSEND = YES;
				ENABLE_TESTABILITY = YES;
				GCC_C_LANGUAGE_STANDARD = gnu11;
				GCC_DYNAMIC_NO_PIC = NO;
				GCC_NO_COMMON_BLOCKS = YES;
				GCC_OPTIMIZATION_LEVEL = 0;
				GCC_PREPROCESSOR_DEFINITIONS = (
					"DEBUG=1",
					"$(inherited)",
				);
				GCC_WARN_64_TO_32_BIT_CONVERSION = YES;
				GCC_WARN_ABOUT_RETURN_TYPE = YES_ERROR;
				GCC_WARN_UNDECLARED_SELECTOR = YES;
				GCC_WARN_UNINITIALIZED_AUTOS = YES_AGGRESSIVE;
				GCC_WARN_UNUSED_FUNCTION = YES;
				GCC_WARN_UNUSED_VARIABLE = YES;
				IPHONEOS_DEPLOYMENT_TARGET = 14.5;
				MTL_ENABLE_DEBUG_INFO = INCLUDE_SOURCE;
				MTL_FAST_MATH = YES;
				ONLY_ACTIVE_ARCH = YES;
				SDKROOT = iphoneos;
				SWIFT_ACTIVE_COMPILATION_CONDITIONS = DEBUG;
				SWIFT_OPTIMIZATION_LEVEL = "-Onone";
			};
			name = Debug;
		};
		97493F34265A988F00FA924F /* Release */ = {
			isa = XCBuildConfiguration;
			buildSettings = {
				ALWAYS_SEARCH_USER_PATHS = NO;
				CLANG_ANALYZER_NONNULL = YES;
				CLANG_ANALYZER_NUMBER_OBJECT_CONVERSION = YES_AGGRESSIVE;
				CLANG_CXX_LANGUAGE_STANDARD = "gnu++14";
				CLANG_CXX_LIBRARY = "libc++";
				CLANG_ENABLE_MODULES = YES;
				CLANG_ENABLE_OBJC_ARC = YES;
				CLANG_ENABLE_OBJC_WEAK = YES;
				CLANG_WARN_BLOCK_CAPTURE_AUTORELEASING = YES;
				CLANG_WARN_BOOL_CONVERSION = YES;
				CLANG_WARN_COMMA = YES;
				CLANG_WARN_CONSTANT_CONVERSION = YES;
				CLANG_WARN_DEPRECATED_OBJC_IMPLEMENTATIONS = YES;
				CLANG_WARN_DIRECT_OBJC_ISA_USAGE = YES_ERROR;
				CLANG_WARN_DOCUMENTATION_COMMENTS = YES;
				CLANG_WARN_EMPTY_BODY = YES;
				CLANG_WARN_ENUM_CONVERSION = YES;
				CLANG_WARN_INFINITE_RECURSION = YES;
				CLANG_WARN_INT_CONVERSION = YES;
				CLANG_WARN_NON_LITERAL_NULL_CONVERSION = YES;
				CLANG_WARN_OBJC_IMPLICIT_RETAIN_SELF = YES;
				CLANG_WARN_OBJC_LITERAL_CONVERSION = YES;
				CLANG_WARN_OBJC_ROOT_CLASS = YES_ERROR;
				CLANG_WARN_QUOTED_INCLUDE_IN_FRAMEWORK_HEADER = YES;
				CLANG_WARN_RANGE_LOOP_ANALYSIS = YES;
				CLANG_WARN_STRICT_PROTOTYPES = YES;
				CLANG_WARN_SUSPICIOUS_MOVE = YES;
				CLANG_WARN_UNGUARDED_AVAILABILITY = YES_AGGRESSIVE;
				CLANG_WARN_UNREACHABLE_CODE = YES;
				CLANG_WARN__DUPLICATE_METHOD_MATCH = YES;
				COPY_PHASE_STRIP = NO;
				DEBUG_INFORMATION_FORMAT = "dwarf-with-dsym";
				ENABLE_NS_ASSERTIONS = NO;
				ENABLE_STRICT_OBJC_MSGSEND = YES;
				GCC_C_LANGUAGE_STANDARD = gnu11;
				GCC_NO_COMMON_BLOCKS = YES;
				GCC_WARN_64_TO_32_BIT_CONVERSION = YES;
				GCC_WARN_ABOUT_RETURN_TYPE = YES_ERROR;
				GCC_WARN_UNDECLARED_SELECTOR = YES;
				GCC_WARN_UNINITIALIZED_AUTOS = YES_AGGRESSIVE;
				GCC_WARN_UNUSED_FUNCTION = YES;
				GCC_WARN_UNUSED_VARIABLE = YES;
				IPHONEOS_DEPLOYMENT_TARGET = 14.5;
				MTL_ENABLE_DEBUG_INFO = NO;
				MTL_FAST_MATH = YES;
				SDKROOT = iphoneos;
				SWIFT_COMPILATION_MODE = wholemodule;
				SWIFT_OPTIMIZATION_LEVEL = "-O";
				VALIDATE_PRODUCT = YES;
			};
			name = Release;
		};
		97493F36265A988F00FA924F /* Debug */ = {
			isa = XCBuildConfiguration;
			buildSettings = {
				ASSETCATALOG_COMPILER_APPICON_NAME = AppIcon;
				ASSETCATALOG_COMPILER_GLOBAL_ACCENT_COLOR_NAME = AccentColor;
				CODE_SIGN_STYLE = Automatic;
				DEVELOPMENT_ASSET_PATHS = "\"2Do/Preview Content\"";
				DEVELOPMENT_TEAM = BJ8M5GX42H;
				ENABLE_PREVIEWS = YES;
				INFOPLIST_FILE = 2Do/Info.plist;
				LD_RUNPATH_SEARCH_PATHS = (
					"$(inherited)",
					"@executable_path/Frameworks",
				);
				PRODUCT_BUNDLE_IDENTIFIER = "com.akashverma.-Do";
				PRODUCT_NAME = "$(TARGET_NAME)";
				SWIFT_VERSION = 5.0;
				TARGETED_DEVICE_FAMILY = "1,2";
			};
			name = Debug;
		};
		97493F37265A988F00FA924F /* Release */ = {
			isa = XCBuildConfiguration;
			buildSettings = {
				ASSETCATALOG_COMPILER_APPICON_NAME = AppIcon;
				ASSETCATALOG_COMPILER_GLOBAL_ACCENT_COLOR_NAME = AccentColor;
				CODE_SIGN_STYLE = Automatic;
				DEVELOPMENT_ASSET_PATHS = "\"2Do/Preview Content\"";
				DEVELOPMENT_TEAM = BJ8M5GX42H;
				ENABLE_PREVIEWS = YES;
				INFOPLIST_FILE = 2Do/Info.plist;
				LD_RUNPATH_SEARCH_PATHS = (
					"$(inherited)",
					"@executable_path/Frameworks",
				);
				PRODUCT_BUNDLE_IDENTIFIER = "com.akashverma.-Do";
				PRODUCT_NAME = "$(TARGET_NAME)";
				SWIFT_VERSION = 5.0;
				TARGETED_DEVICE_FAMILY = "1,2";
			};
			name = Release;
		};
/* End XCBuildConfiguration section */

/* Begin XCConfigurationList section */
		97493F19265A988E00FA924F /* Build configuration list for PBXProject "2Do" */ = {
			isa = XCConfigurationList;
			buildConfigurations = (
				97493F33265A988F00FA924F /* Debug */,
				97493F34265A988F00FA924F /* Release */,
			);
			defaultConfigurationIsVisible = 0;
			defaultConfigurationName = Release;
		};
		97493F35265A988F00FA924F /* Build configuration list for PBXNativeTarget "2Do" */ = {
			isa = XCConfigurationList;
			buildConfigurations = (
				97493F36265A988F00FA924F /* Debug */,
				97493F37265A988F00FA924F /* Release */,
			);
			defaultConfigurationIsVisible = 0;
			defaultConfigurationName = Release;
		};
/* End XCConfigurationList section */

/* Begin XCVersionGroup section */
		97493F27265A988E00FA924F /* _Do.xcdatamodeld */ = {
			isa = XCVersionGroup;
			children = (
				97493F28265A988E00FA924F /* _Do.xcdatamodel */,
			);
			currentVersion = 97493F28265A988E00FA924F /* _Do.xcdatamodel */;
			path = _Do.xcdatamodeld;
			sourceTree = "<group>";
			versionGroupType = wrapper.xcdatamodel;
		};
/* End XCVersionGroup section */
	};
	rootObject = 97493F16265A988E00FA924F /* Project object */;
}
